
Microsoft Visual Studio Solution File, Format Version 12.00
# Visual Studio Version 17
VisualStudioVersion = 17.2.32505.173
MinimumVisualStudioVersion = 10.0.40219.1
Project("{9A19103F-16F7-4668-BE54-9A1E7A4F7556}") = "FamousPeople", "FamousPeople\FamousPeople.csproj", "{2EF037E9-0796-4E27-A930-7C38A4853218}"
EndProject
Project("{FAE04EC0-301F-11D3-BF4B-00C04F79EFBC}") = "FamousPeople.DAL", "FamousPeople.Data\FamousPeople.DAL.csproj", "{73B5A54B-3769-48B4-B634-D6229429F4F2}"
EndProject
Project("{FAE04EC0-301F-11D3-BF4B-00C04F79EFBC}") = "FamousPeople.BAL", "FamousPeople.BAL\FamousPeople.BAL.csproj", "{9927EF8D-8D1E-4A4E-B470-D1DD3A0FC78C}"
EndProject
Global
	GlobalSection(SolutionConfigurationPlatforms) = preSolution
		Debug|Any CPU = Debug|Any CPU
		Release|Any CPU = Release|Any CPU
	EndGlobalSection
	GlobalSection(ProjectConfigurationPlatforms) = postSolution
		{2EF037E9-0796-4E27-A930-7C38A4853218}.Debug|Any CPU.ActiveCfg = Debug|Any CPU
		{2EF037E9-0796-4E27-A930-7C38A4853218}.Debug|Any CPU.Build.0 = Debug|Any CPU
		{2EF037E9-0796-4E27-A930-7C38A4853218}.Release|Any CPU.ActiveCfg = Release|Any CPU
		{2EF037E9-0796-4E27-A930-7C38A4853218}.Release|Any CPU.Build.0 = Release|Any CPU
		{73B5A54B-3769-48B4-B634-D6229429F4F2}.Debug|Any CPU.ActiveCfg = Debug|Any CPU
		{73B5A54B-3769-48B4-B634-D6229429F4F2}.Debug|Any CPU.Build.0 = Debug|Any CPU
		{73B5A54B-3769-48B4-B634-D6229429F4F2}.Release|Any CPU.ActiveCfg = Release|Any CPU
		{73B5A54B-3769-48B4-B634-D6229429F4F2}.Release|Any CPU.Build.0 = Release|Any CPU
		{9927EF8D-8D1E-4A4E-B470-D1DD3A0FC78C}.Debug|Any CPU.ActiveCfg = Debug|Any CPU
		{9927EF8D-8D1E-4A4E-B470-D1DD3A0FC78C}.Debug|Any CPU.Build.0 = Debug|Any CPU
		{9927EF8D-8D1E-4A4E-B470-D1DD3A0FC78C}.Release|Any CPU.ActiveCfg = Release|Any CPU
		{9927EF8D-8D1E-4A4E-B470-D1DD3A0FC78C}.Release|Any CPU.Build.0 = Release|Any CPU
	EndGlobalSection
	GlobalSection(SolutionProperties) = preSolution
		HideSolutionNode = FALSE
	EndGlobalSection
	GlobalSection(ExtensibilityGlobals) = postSolution
		SolutionGuid = {B15F32A1-BD40-4857-9BFD-4587E6E554B4}
	EndGlobalSection
EndGlobal
